
Microsoft Visual Studio Solution File, Format Version 12.00
# Visual Studio Version 17
VisualStudioVersion = 17.10.34928.147
MinimumVisualStudioVersion = 10.0.40219.1
Project("{9A19103F-16F7-4668-BE54-9A1E7A4F7556}") = "WebApiSmartClinic", "WebApiSmartClinic.csproj", "{74EC8652-4907-4140-A8EE-C69DB5838380}"
EndProject
Global
	GlobalSection(SolutionConfigurationPlatforms) = preSolution
		Debug|Any CPU = Debug|Any CPU
		Release|Any CPU = Release|Any CPU
	EndGlobalSection
	GlobalSection(ProjectConfigurationPlatforms) = postSolution
		{74EC8652-4907-4140-A8EE-C69DB5838380}.Debug|Any CPU.ActiveCfg = Debug|Any CPU
		{74EC8652-4907-4140-A8EE-C69DB5838380}.Debug|Any CPU.Build.0 = Debug|Any CPU
		{74EC8652-4907-4140-A8EE-C69DB5838380}.Release|Any CPU.ActiveCfg = Release|Any CPU
		{74EC8652-4907-4140-A8EE-C69DB5838380}.Release|Any CPU.Build.0 = Release|Any CPU
	EndGlobalSection
	GlobalSection(SolutionProperties) = preSolution
		HideSolutionNode = FALSE
	EndGlobalSection
	GlobalSection(ExtensibilityGlobals) = postSolution
		SolutionGuid = {0D7BB186-5BEA-42E3-A3DC-BBBC59A5C356}
	EndGlobalSection
EndGlobal
